
Microsoft Visual Studio Solution File, Format Version 12.00
# Visual Studio Version 17
VisualStudioVersion = 17.0.31903.59
MinimumVisualStudioVersion = 10.0.40219.1
Project("{2150E333-8FDC-42A3-9474-1A3956D46DE8}") = "Source", "Source", "{822DD145-7FF0-4C65-A5BE-1EBAC64933DE}"
EndProject
Project("{FAE04EC0-301F-11D3-BF4B-00C04F79EFBC}") = "Ecommerce.Api", "Source\Ecommerce.Api\Ecommerce.Api.csproj", "{9837F584-B985-4C56-86B2-2F6967FEABE2}"
EndProject
Project("{FAE04EC0-301F-11D3-BF4B-00C04F79EFBC}") = "Ecommerce.Application", "Source\Ecommerce.Application\Ecommerce.Application.csproj", "{06E2DA73-EA39-4681-8BF2-D6EDE5CD2797}"
EndProject
Project("{FAE04EC0-301F-11D3-BF4B-00C04F79EFBC}") = "Ecommerce.Contracts", "Source\Ecommerce.Contracts\Ecommerce.Contracts.csproj", "{8C001B2B-21E9-4D4D-BE9C-7443B58EC07B}"
EndProject
Project("{FAE04EC0-301F-11D3-BF4B-00C04F79EFBC}") = "Ecommerce.Domain", "Source\Ecommerce.Domain\Ecommerce.Domain.csproj", "{0019F097-71A5-4A8B-8673-ED294ADF101A}"
EndProject
Project("{FAE04EC0-301F-11D3-BF4B-00C04F79EFBC}") = "Ecommerce.Infrastructure", "Source\Ecommerce.Infrastructure\Ecommerce.Infrastructure.csproj", "{67F6F1B5-51EF-4519-87DB-16697D544D02}"
EndProject
Project("{2150E333-8FDC-42A3-9474-1A3956D46DE8}") = "Tests", "Tests", "{15592CAE-0D6B-4FFE-A9DA-D72C0EB42BD7}"
EndProject
Project("{FAE04EC0-301F-11D3-BF4B-00C04F79EFBC}") = "Ecommerce.UnitTests", "Tests\UnitTests\Ecommerce.UnitTests.csproj", "{991BEE77-9523-44D4-9CCD-A56180292637}"
EndProject
Project("{FAE04EC0-301F-11D3-BF4B-00C04F79EFBC}") = "Ecommerce.IntegrationTests", "Tests\IntegrationTests\Ecommerce.IntegrationTests.csproj", "{FF8A5144-9BB7-4FDF-9288-96A4736627A6}"
EndProject
Global
	GlobalSection(SolutionConfigurationPlatforms) = preSolution
		Debug|Any CPU = Debug|Any CPU
		Release|Any CPU = Release|Any CPU
	EndGlobalSection
	GlobalSection(SolutionProperties) = preSolution
		HideSolutionNode = FALSE
	EndGlobalSection
	GlobalSection(ProjectConfigurationPlatforms) = postSolution
		{9837F584-B985-4C56-86B2-2F6967FEABE2}.Debug|Any CPU.ActiveCfg = Debug|Any CPU
		{9837F584-B985-4C56-86B2-2F6967FEABE2}.Debug|Any CPU.Build.0 = Debug|Any CPU
		{9837F584-B985-4C56-86B2-2F6967FEABE2}.Release|Any CPU.ActiveCfg = Release|Any CPU
		{9837F584-B985-4C56-86B2-2F6967FEABE2}.Release|Any CPU.Build.0 = Release|Any CPU
		{06E2DA73-EA39-4681-8BF2-D6EDE5CD2797}.Debug|Any CPU.ActiveCfg = Debug|Any CPU
		{06E2DA73-EA39-4681-8BF2-D6EDE5CD2797}.Debug|Any CPU.Build.0 = Debug|Any CPU
		{06E2DA73-EA39-4681-8BF2-D6EDE5CD2797}.Release|Any CPU.ActiveCfg = Release|Any CPU
		{06E2DA73-EA39-4681-8BF2-D6EDE5CD2797}.Release|Any CPU.Build.0 = Release|Any CPU
		{8C001B2B-21E9-4D4D-BE9C-7443B58EC07B}.Debug|Any CPU.ActiveCfg = Debug|Any CPU
		{8C001B2B-21E9-4D4D-BE9C-7443B58EC07B}.Debug|Any CPU.Build.0 = Debug|Any CPU
		{8C001B2B-21E9-4D4D-BE9C-7443B58EC07B}.Release|Any CPU.ActiveCfg = Release|Any CPU
		{8C001B2B-21E9-4D4D-BE9C-7443B58EC07B}.Release|Any CPU.Build.0 = Release|Any CPU
		{0019F097-71A5-4A8B-8673-ED294ADF101A}.Debug|Any CPU.ActiveCfg = Debug|Any CPU
		{0019F097-71A5-4A8B-8673-ED294ADF101A}.Debug|Any CPU.Build.0 = Debug|Any CPU
		{0019F097-71A5-4A8B-8673-ED294ADF101A}.Release|Any CPU.ActiveCfg = Release|Any CPU
		{0019F097-71A5-4A8B-8673-ED294ADF101A}.Release|Any CPU.Build.0 = Release|Any CPU
		{67F6F1B5-51EF-4519-87DB-16697D544D02}.Debug|Any CPU.ActiveCfg = Debug|Any CPU
		{67F6F1B5-51EF-4519-87DB-16697D544D02}.Debug|Any CPU.Build.0 = Debug|Any CPU
		{67F6F1B5-51EF-4519-87DB-16697D544D02}.Release|Any CPU.ActiveCfg = Release|Any CPU
		{67F6F1B5-51EF-4519-87DB-16697D544D02}.Release|Any CPU.Build.0 = Release|Any CPU
		{991BEE77-9523-44D4-9CCD-A56180292637}.Debug|Any CPU.ActiveCfg = Debug|Any CPU
		{991BEE77-9523-44D4-9CCD-A56180292637}.Debug|Any CPU.Build.0 = Debug|Any CPU
		{991BEE77-9523-44D4-9CCD-A56180292637}.Release|Any CPU.ActiveCfg = Release|Any CPU
		{991BEE77-9523-44D4-9CCD-A56180292637}.Release|Any CPU.Build.0 = Release|Any CPU
		{FF8A5144-9BB7-4FDF-9288-96A4736627A6}.Debug|Any CPU.ActiveCfg = Debug|Any CPU
		{FF8A5144-9BB7-4FDF-9288-96A4736627A6}.Debug|Any CPU.Build.0 = Debug|Any CPU
		{FF8A5144-9BB7-4FDF-9288-96A4736627A6}.Release|Any CPU.ActiveCfg = Release|Any CPU
		{FF8A5144-9BB7-4FDF-9288-96A4736627A6}.Release|Any CPU.Build.0 = Release|Any CPU
	EndGlobalSection
	GlobalSection(NestedProjects) = preSolution
		{9837F584-B985-4C56-86B2-2F6967FEABE2} = {822DD145-7FF0-4C65-A5BE-1EBAC64933DE}
		{06E2DA73-EA39-4681-8BF2-D6EDE5CD2797} = {822DD145-7FF0-4C65-A5BE-1EBAC64933DE}
		{8C001B2B-21E9-4D4D-BE9C-7443B58EC07B} = {822DD145-7FF0-4C65-A5BE-1EBAC64933DE}
		{0019F097-71A5-4A8B-8673-ED294ADF101A} = {822DD145-7FF0-4C65-A5BE-1EBAC64933DE}
		{67F6F1B5-51EF-4519-87DB-16697D544D02} = {822DD145-7FF0-4C65-A5BE-1EBAC64933DE}
		{991BEE77-9523-44D4-9CCD-A56180292637} = {15592CAE-0D6B-4FFE-A9DA-D72C0EB42BD7}
		{FF8A5144-9BB7-4FDF-9288-96A4736627A6} = {15592CAE-0D6B-4FFE-A9DA-D72C0EB42BD7}
	EndGlobalSection
EndGlobal
