
Microsoft Visual Studio Solution File, Format Version 12.00
# Visual Studio Version 17
VisualStudioVersion = 17.5.002.0
MinimumVisualStudioVersion = 10.0.40219.1
Project("{9A19103F-16F7-4668-BE54-9A1E7A4F7556}") = "Ecommerce.Application", "Ecommerce.Application\Ecommerce.Application.csproj", "{68617BE7-DBC2-4648-AFA8-733B82445246}"
EndProject
Project("{9A19103F-16F7-4668-BE54-9A1E7A4F7556}") = "Ecommerce.Domain", "Ecommerce.Domain\Ecommerce.Domain.csproj", "{02FAA8E6-8EE0-4395-A331-FAC9A6A41D43}"
EndProject
Project("{9A19103F-16F7-4668-BE54-9A1E7A4F7556}") = "Ecommerce.Infrastructure", "Ecommerce.Infrastructure\Ecommerce.Infrastructure.csproj", "{826C74FC-0460-496F-BA09-1115AA019440}"
EndProject
Project("{FAE04EC0-301F-11D3-BF4B-00C04F79EFBC}") = "Ecommerce.Tests", "Ecommerce.Tests\Ecommerce.Tests.csproj", "{B9C1BD3A-625C-4CF9-8168-E324C20A5C31}"
EndProject
Project("{FAE04EC0-301F-11D3-BF4B-00C04F79EFBC}") = "Ecommerce.Api", "Ecommerce.Api\Ecommerce.Api.csproj", "{C08FAEF8-8D8D-42B9-BA88-D41031D2CCF9}"
EndProject
Project("{FAE04EC0-301F-11D3-BF4B-00C04F79EFBC}") = "Ecommerce.Contracts", "Ecommerce.Contracts\Ecommerce.Contracts.csproj", "{5F1131E8-3FF1-48DB-8544-6F3C91CFD2FD}"
EndProject
Global
	GlobalSection(SolutionConfigurationPlatforms) = preSolution
		Debug|Any CPU = Debug|Any CPU
		Release|Any CPU = Release|Any CPU
	EndGlobalSection
	GlobalSection(ProjectConfigurationPlatforms) = postSolution
		{68617BE7-DBC2-4648-AFA8-733B82445246}.Debug|Any CPU.ActiveCfg = Debug|Any CPU
		{68617BE7-DBC2-4648-AFA8-733B82445246}.Debug|Any CPU.Build.0 = Debug|Any CPU
		{68617BE7-DBC2-4648-AFA8-733B82445246}.Release|Any CPU.ActiveCfg = Release|Any CPU
		{68617BE7-DBC2-4648-AFA8-733B82445246}.Release|Any CPU.Build.0 = Release|Any CPU
		{02FAA8E6-8EE0-4395-A331-FAC9A6A41D43}.Debug|Any CPU.ActiveCfg = Debug|Any CPU
		{02FAA8E6-8EE0-4395-A331-FAC9A6A41D43}.Debug|Any CPU.Build.0 = Debug|Any CPU
		{02FAA8E6-8EE0-4395-A331-FAC9A6A41D43}.Release|Any CPU.ActiveCfg = Release|Any CPU
		{02FAA8E6-8EE0-4395-A331-FAC9A6A41D43}.Release|Any CPU.Build.0 = Release|Any CPU
		{826C74FC-0460-496F-BA09-1115AA019440}.Debug|Any CPU.ActiveCfg = Debug|Any CPU
		{826C74FC-0460-496F-BA09-1115AA019440}.Debug|Any CPU.Build.0 = Debug|Any CPU
		{826C74FC-0460-496F-BA09-1115AA019440}.Release|Any CPU.ActiveCfg = Release|Any CPU
		{826C74FC-0460-496F-BA09-1115AA019440}.Release|Any CPU.Build.0 = Release|Any CPU
		{B9C1BD3A-625C-4CF9-8168-E324C20A5C31}.Debug|Any CPU.ActiveCfg = Debug|Any CPU
		{B9C1BD3A-625C-4CF9-8168-E324C20A5C31}.Debug|Any CPU.Build.0 = Debug|Any CPU
		{B9C1BD3A-625C-4CF9-8168-E324C20A5C31}.Release|Any CPU.ActiveCfg = Release|Any CPU
		{B9C1BD3A-625C-4CF9-8168-E324C20A5C31}.Release|Any CPU.Build.0 = Release|Any CPU
		{C08FAEF8-8D8D-42B9-BA88-D41031D2CCF9}.Debug|Any CPU.ActiveCfg = Debug|Any CPU
		{C08FAEF8-8D8D-42B9-BA88-D41031D2CCF9}.Debug|Any CPU.Build.0 = Debug|Any CPU
		{C08FAEF8-8D8D-42B9-BA88-D41031D2CCF9}.Release|Any CPU.ActiveCfg = Release|Any CPU
		{C08FAEF8-8D8D-42B9-BA88-D41031D2CCF9}.Release|Any CPU.Build.0 = Release|Any CPU
		{5F1131E8-3FF1-48DB-8544-6F3C91CFD2FD}.Debug|Any CPU.ActiveCfg = Debug|Any CPU
		{5F1131E8-3FF1-48DB-8544-6F3C91CFD2FD}.Debug|Any CPU.Build.0 = Debug|Any CPU
		{5F1131E8-3FF1-48DB-8544-6F3C91CFD2FD}.Release|Any CPU.ActiveCfg = Release|Any CPU
		{5F1131E8-3FF1-48DB-8544-6F3C91CFD2FD}.Release|Any CPU.Build.0 = Release|Any CPU
	EndGlobalSection
	GlobalSection(SolutionProperties) = preSolution
		HideSolutionNode = FALSE
	EndGlobalSection
	GlobalSection(ExtensibilityGlobals) = postSolution
		SolutionGuid = {466C33A8-429D-45EB-8C0A-9F9F380859A2}
	EndGlobalSection
EndGlobal
